
Microsoft Visual Studio Solution File, Format Version 12.00
# Visual Studio Version 17
VisualStudioVersion = 17.0.31903.59
MinimumVisualStudioVersion = 10.0.40219.1
Project("{FAE04EC0-301F-11D3-BF4B-00C04F79EFBC}") = "WPF_task15", "WPF_task15.csproj", "{2B70DD6B-D9FB-4856-AC10-5C0094E5E1AB}"
EndProject
Global
	GlobalSection(SolutionConfigurationPlatforms) = preSolution
		Debug|Any CPU = Debug|Any CPU
		Release|Any CPU = Release|Any CPU
	EndGlobalSection
	GlobalSection(ProjectConfigurationPlatforms) = postSolution
		{2B70DD6B-D9FB-4856-AC10-5C0094E5E1AB}.Debug|Any CPU.ActiveCfg = Debug|Any CPU
		{2B70DD6B-D9FB-4856-AC10-5C0094E5E1AB}.Debug|Any CPU.Build.0 = Debug|Any CPU
		{2B70DD6B-D9FB-4856-AC10-5C0094E5E1AB}.Release|Any CPU.ActiveCfg = Release|Any CPU
		{2B70DD6B-D9FB-4856-AC10-5C0094E5E1AB}.Release|Any CPU.Build.0 = Release|Any CPU
	EndGlobalSection
	GlobalSection(SolutionProperties) = preSolution
		HideSolutionNode = FALSE
	EndGlobalSection
	GlobalSection(ExtensibilityGlobals) = postSolution
		SolutionGuid = {984C408A-F4C6-4767-A860-6F7862B47441}
	EndGlobalSection
EndGlobal
